{
  "name": "dse20503-react",
  "version": "1.0.0",
  "lockfileVersion": 3,
  "requires": true,
  "packages": {
    "": {
      "name": "dse20503-react",
      "version": "1.0.0",
      "license": "ISC",
      "dependencies": {
        "dse20503-react": "file:"
      }
    },
    "node_modules/dse20503-react": {
      "resolved": "",
      "link": true
    }
  }
}
